
Microsoft Visual Studio Solution File, Format Version 12.00
# Visual Studio Version 17
VisualStudioVersion = 17.6.33815.320
MinimumVisualStudioVersion = 10.0.40219.1
Project("{FAE04EC0-301F-11D3-BF4B-00C04F79EFBC}") = "stack-and-queue", "stack-and-queue.csproj", "{CA933124-A7B4-42D7-8729-27339D72C396}"
EndProject
Project("{FAE04EC0-301F-11D3-BF4B-00C04F79EFBC}") = "TestProject1", "..\TestProject1\TestProject1.csproj", "{65CB13C3-578F-45C7-9EEA-47C6CF1B3A98}"
EndProject
Project("{2150E333-8FDC-42A3-9474-1A3956D46DE8}") = "Solution Items", "Solution Items", "{9DB8E400-3D07-4487-9F16-A73354F7AC67}"
EndProject
Project("{2150E333-8FDC-42A3-9474-1A3956D46DE8}") = "challenge10", "challenge10", "{E425B3F5-AB77-464A-8806-2D7AB9B468E0}"
EndProject
Global
	GlobalSection(SolutionConfigurationPlatforms) = preSolution
		Debug|Any CPU = Debug|Any CPU
		Release|Any CPU = Release|Any CPU
	EndGlobalSection
	GlobalSection(ProjectConfigurationPlatforms) = postSolution
		{CA933124-A7B4-42D7-8729-27339D72C396}.Debug|Any CPU.ActiveCfg = Debug|Any CPU
		{CA933124-A7B4-42D7-8729-27339D72C396}.Debug|Any CPU.Build.0 = Debug|Any CPU
		{CA933124-A7B4-42D7-8729-27339D72C396}.Release|Any CPU.ActiveCfg = Release|Any CPU
		{CA933124-A7B4-42D7-8729-27339D72C396}.Release|Any CPU.Build.0 = Release|Any CPU
		{65CB13C3-578F-45C7-9EEA-47C6CF1B3A98}.Debug|Any CPU.ActiveCfg = Debug|Any CPU
		{65CB13C3-578F-45C7-9EEA-47C6CF1B3A98}.Debug|Any CPU.Build.0 = Debug|Any CPU
		{65CB13C3-578F-45C7-9EEA-47C6CF1B3A98}.Release|Any CPU.ActiveCfg = Release|Any CPU
		{65CB13C3-578F-45C7-9EEA-47C6CF1B3A98}.Release|Any CPU.Build.0 = Release|Any CPU
	EndGlobalSection
	GlobalSection(SolutionProperties) = preSolution
		HideSolutionNode = FALSE
	EndGlobalSection
	GlobalSection(NestedProjects) = preSolution
		{CA933124-A7B4-42D7-8729-27339D72C396} = {E425B3F5-AB77-464A-8806-2D7AB9B468E0}
		{65CB13C3-578F-45C7-9EEA-47C6CF1B3A98} = {E425B3F5-AB77-464A-8806-2D7AB9B468E0}
	EndGlobalSection
	GlobalSection(ExtensibilityGlobals) = postSolution
		SolutionGuid = {819FCC82-325B-43BD-833A-AE776168208A}
	EndGlobalSection
EndGlobal
