
Microsoft Visual Studio Solution File, Format Version 12.00
# Visual Studio Version 17
VisualStudioVersion = 17.6.33815.320
MinimumVisualStudioVersion = 10.0.40219.1
Project("{FAE04EC0-301F-11D3-BF4B-00C04F79EFBC}") = "CC27", "CC27.csproj", "{FA32B5B2-9D3D-4ACA-8381-D796B5A84760}"
EndProject
Global
	GlobalSection(SolutionConfigurationPlatforms) = preSolution
		Debug|Any CPU = Debug|Any CPU
		Release|Any CPU = Release|Any CPU
	EndGlobalSection
	GlobalSection(ProjectConfigurationPlatforms) = postSolution
		{FA32B5B2-9D3D-4ACA-8381-D796B5A84760}.Debug|Any CPU.ActiveCfg = Debug|Any CPU
		{FA32B5B2-9D3D-4ACA-8381-D796B5A84760}.Debug|Any CPU.Build.0 = Debug|Any CPU
		{FA32B5B2-9D3D-4ACA-8381-D796B5A84760}.Release|Any CPU.ActiveCfg = Release|Any CPU
		{FA32B5B2-9D3D-4ACA-8381-D796B5A84760}.Release|Any CPU.Build.0 = Release|Any CPU
	EndGlobalSection
	GlobalSection(SolutionProperties) = preSolution
		HideSolutionNode = FALSE
	EndGlobalSection
	GlobalSection(ExtensibilityGlobals) = postSolution
		SolutionGuid = {E3C4F674-2FE0-4ED1-91E9-351B1FCEA86C}
	EndGlobalSection
EndGlobal
