
Microsoft Visual Studio Solution File, Format Version 12.00
# Visual Studio Version 17
VisualStudioVersion = 17.6.33815.320
MinimumVisualStudioVersion = 10.0.40219.1
Project("{FAE04EC0-301F-11D3-BF4B-00C04F79EFBC}") = "Challenge16-tree-max", "Challenge16-tree-max.csproj", "{4731F1CB-0661-4341-906F-EF1A161B73C9}"
EndProject
Project("{2150E333-8FDC-42A3-9474-1A3956D46DE8}") = "Solution Items", "Solution Items", "{D77DC312-710E-441B-BF84-36DDFF380B59}"
	ProjectSection(SolutionItems) = preProject
		REDME.md = REDME.md
	EndProjectSection
EndProject
Project("{FAE04EC0-301F-11D3-BF4B-00C04F79EFBC}") = "BinaryTreeTests", "BinaryTreeTests\BinaryTreeTests.csproj", "{0E67D459-E55E-490C-AEA0-6F64E998CBE9}"
EndProject
Global
	GlobalSection(SolutionConfigurationPlatforms) = preSolution
		Debug|Any CPU = Debug|Any CPU
		Release|Any CPU = Release|Any CPU
	EndGlobalSection
	GlobalSection(ProjectConfigurationPlatforms) = postSolution
		{4731F1CB-0661-4341-906F-EF1A161B73C9}.Debug|Any CPU.ActiveCfg = Debug|Any CPU
		{4731F1CB-0661-4341-906F-EF1A161B73C9}.Debug|Any CPU.Build.0 = Debug|Any CPU
		{4731F1CB-0661-4341-906F-EF1A161B73C9}.Release|Any CPU.ActiveCfg = Release|Any CPU
		{4731F1CB-0661-4341-906F-EF1A161B73C9}.Release|Any CPU.Build.0 = Release|Any CPU
		{0E67D459-E55E-490C-AEA0-6F64E998CBE9}.Debug|Any CPU.ActiveCfg = Debug|Any CPU
		{0E67D459-E55E-490C-AEA0-6F64E998CBE9}.Debug|Any CPU.Build.0 = Debug|Any CPU
		{0E67D459-E55E-490C-AEA0-6F64E998CBE9}.Release|Any CPU.ActiveCfg = Release|Any CPU
		{0E67D459-E55E-490C-AEA0-6F64E998CBE9}.Release|Any CPU.Build.0 = Release|Any CPU
	EndGlobalSection
	GlobalSection(SolutionProperties) = preSolution
		HideSolutionNode = FALSE
	EndGlobalSection
	GlobalSection(ExtensibilityGlobals) = postSolution
		SolutionGuid = {CA8B020E-9CC7-4B30-A925-FA71E5F0B4DD}
	EndGlobalSection
EndGlobal
